{
  "nodes": {
    "flake-parts": {
      "inputs": {
        "nixpkgs-lib": "nixpkgs-lib"
      },
      "locked": {
        "lastModified": 1709336216,
        "narHash": "sha256-Dt/wOWeW6Sqm11Yh+2+t0dfEWxoMxGBvv3JpIocFl9E=",
        "owner": "hercules-ci",
        "repo": "flake-parts",
        "rev": "f7b3c975cf067e56e7cda6cb098ebe3fb4d74ca2",
        "type": "github"
      },
      "original": {
        "owner": "hercules-ci",
        "repo": "flake-parts",
        "type": "github"
      }
    },
    "flake-utils": {
      "locked": {
        "lastModified": 1656928814,
        "narHash": "sha256-RIFfgBuKz6Hp89yRr7+NR5tzIAbn52h8vT6vXkYjZoM=",
        "owner": "numtide",
        "repo": "flake-utils",
        "rev": "7e2a3b3dfd9af950a856d66b0a7d01e3c18aa249",
        "type": "github"
      },
      "original": {
        "owner": "numtide",
        "repo": "flake-utils",
        "type": "github"
      }
    },
    "lean": {
      "inputs": {
        "flake-utils": "flake-utils",
        "nixpkgs": "nixpkgs",
        "nixpkgs-cadical": "nixpkgs-cadical",
        "nixpkgs-old": "nixpkgs-old"
      },
      "locked": {
        "lastModified": 1727749878,
        "narHash": "sha256-O2Egyh2D0TfQWzQKfHUeAh7qAjMfeLVwXwGUw5QqcvE=",
        "owner": "leanprover",
        "repo": "lean4",
        "rev": "dc2533473114eb8656439ff2b9335209784aa640",
        "type": "github"
      },
      "original": {
        "owner": "leanprover",
        "ref": "v4.12.0",
        "repo": "lean4",
        "type": "github"
      }
    },
    "lspec": {
      "flake": false,
      "locked": {
        "lastModified": 1728255812,
        "narHash": "sha256-ZMqbvCqR/gHXRuIkuo7b0Yp9N1vOQR7xnrcy/SeIBoQ=",
        "owner": "lenianiva",
        "repo": "LSpec",
        "rev": "c492cecd0bc473e2f9c8b94d545d02cc0056034f",
        "type": "github"
      },
      "original": {
        "owner": "lenianiva",
        "ref": "c492cecd0bc473e2f9c8b94d545d02cc0056034f",
        "repo": "LSpec",
        "type": "github"
      }
    },
    "nixpkgs": {
      "locked": {
        "lastModified": 1686089707,
        "narHash": "sha256-LTNlJcru2qJ0XhlhG9Acp5KyjB774Pza3tRH0pKIb3o=",
        "owner": "NixOS",
        "repo": "nixpkgs",
        "rev": "af21c31b2a1ec5d361ed8050edd0303c31306397",
        "type": "github"
      },
      "original": {
        "owner": "NixOS",
        "ref": "nixpkgs-unstable",
        "repo": "nixpkgs",
        "type": "github"
      }
    },
    "nixpkgs-cadical": {
      "locked": {
        "lastModified": 1722221733,
        "narHash": "sha256-sga9SrrPb+pQJxG1ttJfMPheZvDOxApFfwXCFO0H9xw=",
        "owner": "NixOS",
        "repo": "nixpkgs",
        "rev": "12bf09802d77264e441f48e25459c10c93eada2e",
        "type": "github"
      },
      "original": {
        "owner": "NixOS",
        "repo": "nixpkgs",
        "rev": "12bf09802d77264e441f48e25459c10c93eada2e",
        "type": "github"
      }
    },
    "nixpkgs-lib": {
      "locked": {
        "dir": "lib",
        "lastModified": 1709237383,
        "narHash": "sha256-cy6ArO4k5qTx+l5o+0mL9f5fa86tYUX3ozE1S+Txlds=",
        "owner": "NixOS",
        "repo": "nixpkgs",
        "rev": "1536926ef5621b09bba54035ae2bb6d806d72ac8",
        "type": "github"
      },
      "original": {
        "dir": "lib",
        "owner": "NixOS",
        "ref": "nixos-unstable",
        "repo": "nixpkgs",
        "type": "github"
      }
    },
    "nixpkgs-old": {
      "flake": false,
      "locked": {
        "lastModified": 1581379743,
        "narHash": "sha256-i1XCn9rKuLjvCdu2UeXKzGLF6IuQePQKFt4hEKRU5oc=",
        "owner": "NixOS",
        "repo": "nixpkgs",
        "rev": "34c7eb7545d155cc5b6f499b23a7cb1c96ab4d59",
        "type": "github"
      },
      "original": {
        "owner": "NixOS",
        "ref": "nixos-19.03",
        "repo": "nixpkgs",
        "type": "github"
      }
    },
    "nixpkgs_2": {
      "locked": {
        "lastModified": 1711703276,
        "narHash": "sha256-iMUFArF0WCatKK6RzfUJknjem0H9m4KgorO/p3Dopkk=",
        "owner": "nixos",
        "repo": "nixpkgs",
        "rev": "d8fe5e6c92d0d190646fb9f1056741a229980089",
        "type": "github"
      },
      "original": {
        "owner": "nixos",
        "ref": "nixos-unstable",
        "repo": "nixpkgs",
        "type": "github"
      }
    },
    "root": {
      "inputs": {
        "flake-parts": "flake-parts",
        "lean": "lean",
        "lspec": "lspec",
        "nixpkgs": "nixpkgs_2"
      }
    }
  },
  "root": "root",
  "version": 7
}
